
Microsoft Visual Studio Solution File, Format Version 12.00
# Visual Studio Version 17
VisualStudioVersion = 17.14.36518.9 d17.14
MinimumVisualStudioVersion = 10.0.40219.1
Project("{FAE04EC0-301F-11D3-BF4B-00C04F79EFBC}") = "Employee_Blazor_machineTest", "Employee_Blazor_machineTest\Employee_Blazor_machineTest.csproj", "{A632FA30-DD12-448E-B06C-BDA0DA7DA773}"
EndProject
Global
	GlobalSection(SolutionConfigurationPlatforms) = preSolution
		Debug|Any CPU = Debug|Any CPU
		Release|Any CPU = Release|Any CPU
	EndGlobalSection
	GlobalSection(ProjectConfigurationPlatforms) = postSolution
		{A632FA30-DD12-448E-B06C-BDA0DA7DA773}.Debug|Any CPU.ActiveCfg = Debug|Any CPU
		{A632FA30-DD12-448E-B06C-BDA0DA7DA773}.Debug|Any CPU.Build.0 = Debug|Any CPU
		{A632FA30-DD12-448E-B06C-BDA0DA7DA773}.Release|Any CPU.ActiveCfg = Release|Any CPU
		{A632FA30-DD12-448E-B06C-BDA0DA7DA773}.Release|Any CPU.Build.0 = Release|Any CPU
	EndGlobalSection
	GlobalSection(SolutionProperties) = preSolution
		HideSolutionNode = FALSE
	EndGlobalSection
	GlobalSection(ExtensibilityGlobals) = postSolution
		SolutionGuid = {AFA1B824-791A-499C-88FF-09252C50F76F}
	EndGlobalSection
EndGlobal
