
Microsoft Visual Studio Solution File, Format Version 12.00
# Visual Studio Version 17
VisualStudioVersion = 17.14.36518.9
MinimumVisualStudioVersion = 10.0.40219.1
Project("{FAE04EC0-301F-11D3-BF4B-00C04F79EFBC}") = "GreenShare", "GreenShare\GreenShare.csproj", "{89323434-9E96-40F4-80FB-97BF0339E96C}"
EndProject
Project("{FAE04EC0-301F-11D3-BF4B-00C04F79EFBC}") = "Domain", "Domain\Domain.csproj", "{1D4ABA1E-99E6-44BA-8338-5C4D67288127}"
EndProject
Global
	GlobalSection(SolutionConfigurationPlatforms) = preSolution
		Debug|Any CPU = Debug|Any CPU
		Release|Any CPU = Release|Any CPU
	EndGlobalSection
	GlobalSection(ProjectConfigurationPlatforms) = postSolution
		{89323434-9E96-40F4-80FB-97BF0339E96C}.Debug|Any CPU.ActiveCfg = Debug|Any CPU
		{89323434-9E96-40F4-80FB-97BF0339E96C}.Debug|Any CPU.Build.0 = Debug|Any CPU
		{89323434-9E96-40F4-80FB-97BF0339E96C}.Release|Any CPU.ActiveCfg = Release|Any CPU
		{89323434-9E96-40F4-80FB-97BF0339E96C}.Release|Any CPU.Build.0 = Release|Any CPU
		{1D4ABA1E-99E6-44BA-8338-5C4D67288127}.Debug|Any CPU.ActiveCfg = Debug|Any CPU
		{1D4ABA1E-99E6-44BA-8338-5C4D67288127}.Debug|Any CPU.Build.0 = Debug|Any CPU
		{1D4ABA1E-99E6-44BA-8338-5C4D67288127}.Release|Any CPU.ActiveCfg = Release|Any CPU
		{1D4ABA1E-99E6-44BA-8338-5C4D67288127}.Release|Any CPU.Build.0 = Release|Any CPU
	EndGlobalSection
	GlobalSection(SolutionProperties) = preSolution
		HideSolutionNode = FALSE
	EndGlobalSection
	GlobalSection(ExtensibilityGlobals) = postSolution
		SolutionGuid = {58463537-4FFF-44FF-B2D1-09AC71516AD6}
	EndGlobalSection
EndGlobal
