
Microsoft Visual Studio Solution File, Format Version 12.00
# Visual Studio Version 17
VisualStudioVersion = 17.14.36518.9 d17.14
MinimumVisualStudioVersion = 10.0.40219.1
Project("{FAE04EC0-301F-11D3-BF4B-00C04F79EFBC}") = "Machine_Test", "Machine_Test\Machine_Test.csproj", "{672A3C98-5191-4159-87A3-55EABC2397A2}"
EndProject
Global
	GlobalSection(SolutionConfigurationPlatforms) = preSolution
		Debug|Any CPU = Debug|Any CPU
		Release|Any CPU = Release|Any CPU
	EndGlobalSection
	GlobalSection(ProjectConfigurationPlatforms) = postSolution
		{672A3C98-5191-4159-87A3-55EABC2397A2}.Debug|Any CPU.ActiveCfg = Debug|Any CPU
		{672A3C98-5191-4159-87A3-55EABC2397A2}.Debug|Any CPU.Build.0 = Debug|Any CPU
		{672A3C98-5191-4159-87A3-55EABC2397A2}.Release|Any CPU.ActiveCfg = Release|Any CPU
		{672A3C98-5191-4159-87A3-55EABC2397A2}.Release|Any CPU.Build.0 = Release|Any CPU
	EndGlobalSection
	GlobalSection(SolutionProperties) = preSolution
		HideSolutionNode = FALSE
	EndGlobalSection
	GlobalSection(ExtensibilityGlobals) = postSolution
		SolutionGuid = {2B93B89F-4EE4-4C49-947A-568E180D0F26}
	EndGlobalSection
EndGlobal
