
Microsoft Visual Studio Solution File, Format Version 12.00
# Visual Studio Version 17
VisualStudioVersion = 17.14.36518.9
MinimumVisualStudioVersion = 10.0.40219.1
Project("{FAE04EC0-301F-11D3-BF4B-00C04F79EFBC}") = "Blazor_JobProvider", "Blazor_JobProvider\Blazor_JobProvider.csproj", "{57D8057B-A563-4F93-9A0C-5CE95249D82D}"
EndProject
Global
	GlobalSection(SolutionConfigurationPlatforms) = preSolution
		Debug|Any CPU = Debug|Any CPU
		Release|Any CPU = Release|Any CPU
	EndGlobalSection
	GlobalSection(ProjectConfigurationPlatforms) = postSolution
		{57D8057B-A563-4F93-9A0C-5CE95249D82D}.Debug|Any CPU.ActiveCfg = Debug|Any CPU
		{57D8057B-A563-4F93-9A0C-5CE95249D82D}.Debug|Any CPU.Build.0 = Debug|Any CPU
		{57D8057B-A563-4F93-9A0C-5CE95249D82D}.Release|Any CPU.ActiveCfg = Release|Any CPU
		{57D8057B-A563-4F93-9A0C-5CE95249D82D}.Release|Any CPU.Build.0 = Release|Any CPU
	EndGlobalSection
	GlobalSection(SolutionProperties) = preSolution
		HideSolutionNode = FALSE
	EndGlobalSection
	GlobalSection(ExtensibilityGlobals) = postSolution
		SolutionGuid = {EE8AFFE7-B17E-4B2A-B8F2-51BE969D7058}
	EndGlobalSection
EndGlobal
