
Microsoft Visual Studio Solution File, Format Version 12.00
# Visual Studio Version 17
VisualStudioVersion = 17.14.36518.9 d17.14
MinimumVisualStudioVersion = 10.0.40219.1
Project("{FAE04EC0-301F-11D3-BF4B-00C04F79EFBC}") = "Email_confirmation", "Email_confirmation\Email_confirmation.csproj", "{4143A96E-B5D5-4965-AD2F-622DD63553BF}"
EndProject
Global
	GlobalSection(SolutionConfigurationPlatforms) = preSolution
		Debug|Any CPU = Debug|Any CPU
		Release|Any CPU = Release|Any CPU
	EndGlobalSection
	GlobalSection(ProjectConfigurationPlatforms) = postSolution
		{4143A96E-B5D5-4965-AD2F-622DD63553BF}.Debug|Any CPU.ActiveCfg = Debug|Any CPU
		{4143A96E-B5D5-4965-AD2F-622DD63553BF}.Debug|Any CPU.Build.0 = Debug|Any CPU
		{4143A96E-B5D5-4965-AD2F-622DD63553BF}.Release|Any CPU.ActiveCfg = Release|Any CPU
		{4143A96E-B5D5-4965-AD2F-622DD63553BF}.Release|Any CPU.Build.0 = Release|Any CPU
	EndGlobalSection
	GlobalSection(SolutionProperties) = preSolution
		HideSolutionNode = FALSE
	EndGlobalSection
	GlobalSection(ExtensibilityGlobals) = postSolution
		SolutionGuid = {0CADFCF7-AE1D-420B-87F3-CC7FD8C2912A}
	EndGlobalSection
EndGlobal
